
Microsoft Visual Studio Solution File, Format Version 12.00
# Visual Studio 15
VisualStudioVersion = 15.0.27004.2010
MinimumVisualStudioVersion = 10.0.40219.1
Project("{2150E333-8FDC-42A3-9474-1A3956D46DE8}") = "Engine", "Engine", "{EF9E67E4-09E0-46C6-9B9D-4FF916EC492A}"
EndProject
Project("{8BC9CEB8-8B4A-11D0-8D11-00A0C91BC942}") = "MGEngine", "ProjectFiles\MGEngine\MGEngine.vcxproj", "{77BDD9C7-6436-4E92-9387-A8C3E6002B3A}"
EndProject
Global
	GlobalSection(SolutionConfigurationPlatforms) = preSolution
		Debug|Win64 = Debug|Win64
		Development|Win64 = Development|Win64
		Release|Win64 = Release|Win64
	EndGlobalSection
	GlobalSection(ProjectConfigurationPlatforms) = postSolution
		{77BDD9C7-6436-4E92-9387-A8C3E6002B3A}.Debug|Win64.ActiveCfg = Debug|x64
		{77BDD9C7-6436-4E92-9387-A8C3E6002B3A}.Debug|Win64.Build.0 = Debug|x64
		{77BDD9C7-6436-4E92-9387-A8C3E6002B3A}.Development|Win64.ActiveCfg = Development|x64
		{77BDD9C7-6436-4E92-9387-A8C3E6002B3A}.Development|Win64.Build.0 = Development|x64
		{77BDD9C7-6436-4E92-9387-A8C3E6002B3A}.Release|Win64.ActiveCfg = Release|x64
		{77BDD9C7-6436-4E92-9387-A8C3E6002B3A}.Release|Win64.Build.0 = Release|x64
	EndGlobalSection
	GlobalSection(SolutionProperties) = preSolution
		HideSolutionNode = FALSE
	EndGlobalSection
	GlobalSection(NestedProjects) = preSolution
		{77BDD9C7-6436-4E92-9387-A8C3E6002B3A} = {EF9E67E4-09E0-46C6-9B9D-4FF916EC492A}
	EndGlobalSection
	GlobalSection(ExtensibilityGlobals) = postSolution
		SolutionGuid = {63520DFA-8EA5-41C7-A918-4E0E388114D4}
	EndGlobalSection
EndGlobal
